
Microsoft Visual Studio Solution File, Format Version 12.00
# Visual Studio Version 16
VisualStudioVersion = 16.0.31129.286
MinimumVisualStudioVersion = 10.0.40219.1
Project("{FAE04EC0-301F-11D3-BF4B-00C04F79EFBC}") = "Datasetexample", "Datasetexample.csproj", "{D36E9A17-32E2-477E-8EA5-1213572BCCCE}"
EndProject
Global
	GlobalSection(SolutionConfigurationPlatforms) = preSolution
		Debug|Any CPU = Debug|Any CPU
		Release|Any CPU = Release|Any CPU
	EndGlobalSection
	GlobalSection(ProjectConfigurationPlatforms) = postSolution
		{D36E9A17-32E2-477E-8EA5-1213572BCCCE}.Debug|Any CPU.ActiveCfg = Debug|Any CPU
		{D36E9A17-32E2-477E-8EA5-1213572BCCCE}.Debug|Any CPU.Build.0 = Debug|Any CPU
		{D36E9A17-32E2-477E-8EA5-1213572BCCCE}.Release|Any CPU.ActiveCfg = Release|Any CPU
		{D36E9A17-32E2-477E-8EA5-1213572BCCCE}.Release|Any CPU.Build.0 = Release|Any CPU
	EndGlobalSection
	GlobalSection(SolutionProperties) = preSolution
		HideSolutionNode = FALSE
	EndGlobalSection
	GlobalSection(ExtensibilityGlobals) = postSolution
		SolutionGuid = {77DFAD07-015B-42BF-AC76-087E3F362BB5}
	EndGlobalSection
EndGlobal
