
Microsoft Visual Studio Solution File, Format Version 12.00
# Visual Studio Version 16
VisualStudioVersion = 16.0.31129.286
MinimumVisualStudioVersion = 10.0.40219.1
Project("{FAE04EC0-301F-11D3-BF4B-00C04F79EFBC}") = "WinApp", "WinApp.csproj", "{5BC10EEA-3C48-4B7D-B6A4-CEF5805487E6}"
EndProject
Global
	GlobalSection(SolutionConfigurationPlatforms) = preSolution
		Debug|Any CPU = Debug|Any CPU
		Release|Any CPU = Release|Any CPU
	EndGlobalSection
	GlobalSection(ProjectConfigurationPlatforms) = postSolution
		{5BC10EEA-3C48-4B7D-B6A4-CEF5805487E6}.Debug|Any CPU.ActiveCfg = Debug|Any CPU
		{5BC10EEA-3C48-4B7D-B6A4-CEF5805487E6}.Debug|Any CPU.Build.0 = Debug|Any CPU
		{5BC10EEA-3C48-4B7D-B6A4-CEF5805487E6}.Release|Any CPU.ActiveCfg = Release|Any CPU
		{5BC10EEA-3C48-4B7D-B6A4-CEF5805487E6}.Release|Any CPU.Build.0 = Release|Any CPU
	EndGlobalSection
	GlobalSection(SolutionProperties) = preSolution
		HideSolutionNode = FALSE
	EndGlobalSection
	GlobalSection(ExtensibilityGlobals) = postSolution
		SolutionGuid = {FACF3EC0-263C-4F01-AD42-99083EF0E633}
	EndGlobalSection
EndGlobal
